
Microsoft Visual Studio Solution File, Format Version 12.00
# Visual Studio Version 16
VisualStudioVersion = 16.0.31515.178
MinimumVisualStudioVersion = 10.0.40219.1
Project("{9A19103F-16F7-4668-BE54-9A1E7A4F7556}") = "MGR.ApiGateway", "MGR.ApiGateway\MGR.ApiGateway.csproj", "{F22A3703-F504-4EAA-93E5-E01E9CA34AF1}"
EndProject
Project("{E53339B2-1760-4266-BCC7-CA923CBCF16C}") = "docker-compose", "docker-compose.dcproj", "{FF1009BA-3FC5-44CE-93AC-7635BBE35E3E}"
EndProject
Project("{9A19103F-16F7-4668-BE54-9A1E7A4F7556}") = "CoffeeApi", "CoffeeApi\CoffeeApi.csproj", "{036A4BA7-8673-4B86-BE27-47225FDD838A}"
EndProject
Project("{9A19103F-16F7-4668-BE54-9A1E7A4F7556}") = "TeaApi", "TeaApi\TeaApi.csproj", "{2F5F2ED5-7BAD-4797-86EE-5C7DE74322E0}"
EndProject
Global
	GlobalSection(SolutionConfigurationPlatforms) = preSolution
		Debug|Any CPU = Debug|Any CPU
		Release|Any CPU = Release|Any CPU
	EndGlobalSection
	GlobalSection(ProjectConfigurationPlatforms) = postSolution
		{F22A3703-F504-4EAA-93E5-E01E9CA34AF1}.Debug|Any CPU.ActiveCfg = Debug|Any CPU
		{F22A3703-F504-4EAA-93E5-E01E9CA34AF1}.Debug|Any CPU.Build.0 = Debug|Any CPU
		{F22A3703-F504-4EAA-93E5-E01E9CA34AF1}.Release|Any CPU.ActiveCfg = Release|Any CPU
		{F22A3703-F504-4EAA-93E5-E01E9CA34AF1}.Release|Any CPU.Build.0 = Release|Any CPU
		{FF1009BA-3FC5-44CE-93AC-7635BBE35E3E}.Debug|Any CPU.ActiveCfg = Debug|Any CPU
		{FF1009BA-3FC5-44CE-93AC-7635BBE35E3E}.Debug|Any CPU.Build.0 = Debug|Any CPU
		{FF1009BA-3FC5-44CE-93AC-7635BBE35E3E}.Release|Any CPU.ActiveCfg = Release|Any CPU
		{FF1009BA-3FC5-44CE-93AC-7635BBE35E3E}.Release|Any CPU.Build.0 = Release|Any CPU
		{036A4BA7-8673-4B86-BE27-47225FDD838A}.Debug|Any CPU.ActiveCfg = Debug|Any CPU
		{036A4BA7-8673-4B86-BE27-47225FDD838A}.Debug|Any CPU.Build.0 = Debug|Any CPU
		{036A4BA7-8673-4B86-BE27-47225FDD838A}.Release|Any CPU.ActiveCfg = Release|Any CPU
		{036A4BA7-8673-4B86-BE27-47225FDD838A}.Release|Any CPU.Build.0 = Release|Any CPU
		{2F5F2ED5-7BAD-4797-86EE-5C7DE74322E0}.Debug|Any CPU.ActiveCfg = Debug|Any CPU
		{2F5F2ED5-7BAD-4797-86EE-5C7DE74322E0}.Debug|Any CPU.Build.0 = Debug|Any CPU
		{2F5F2ED5-7BAD-4797-86EE-5C7DE74322E0}.Release|Any CPU.ActiveCfg = Release|Any CPU
		{2F5F2ED5-7BAD-4797-86EE-5C7DE74322E0}.Release|Any CPU.Build.0 = Release|Any CPU
	EndGlobalSection
	GlobalSection(SolutionProperties) = preSolution
		HideSolutionNode = FALSE
	EndGlobalSection
	GlobalSection(ExtensibilityGlobals) = postSolution
		SolutionGuid = {23E696B1-0082-4706-A2DA-D6DEC96A2486}
	EndGlobalSection
EndGlobal
